
Microsoft Visual Studio Solution File, Format Version 12.00
# Visual Studio Version 17
VisualStudioVersion = 17.13.35919.96
MinimumVisualStudioVersion = 10.0.40219.1
Project("{2150E333-8FDC-42A3-9474-1A3956D46DE8}") = "src", "src", "{02EA681E-C7D8-13C7-8484-4AC65E1B71E8}"
EndProject
Project("{FAE04EC0-301F-11D3-BF4B-00C04F79EFBC}") = "Core", "src\Core\Core.csproj", "{A70D4320-D2A4-4503-8623-C541DB56B9D9}"
EndProject
Project("{FAE04EC0-301F-11D3-BF4B-00C04F79EFBC}") = "Application", "src\Application\Application.csproj", "{13F5F769-5DFA-409B-9D89-A9D1B7C9272D}"
EndProject
Project("{FAE04EC0-301F-11D3-BF4B-00C04F79EFBC}") = "Infrastructure", "src\Infrastructure\Infrastructure.csproj", "{8942B9CA-2816-4FD0-BFAF-A4080E4B0068}"
EndProject
Project("{FAE04EC0-301F-11D3-BF4B-00C04F79EFBC}") = "Api", "src\Api\Api.csproj", "{BD3C200D-F838-44C5-874D-D97C9C40151E}"
EndProject
Project("{2150E333-8FDC-42A3-9474-1A3956D46DE8}") = "Solution Items", "Solution Items", "{9742466A-A0BF-4EB3-924F-93FB12E5A032}"
	ProjectSection(SolutionItems) = preProject
		.editorconfig = .editorconfig
		Directory.Build.props = Directory.Build.props
		README.md = README.md
	EndProjectSection
EndProject
Project("{2150E333-8FDC-42A3-9474-1A3956D46DE8}") = "tests", "tests", "{06CB8B0B-383D-471B-AC24-975E134ECEC4}"
EndProject
Global
	GlobalSection(SolutionConfigurationPlatforms) = preSolution
		Debug|Any CPU = Debug|Any CPU
		Release|Any CPU = Release|Any CPU
	EndGlobalSection
	GlobalSection(ProjectConfigurationPlatforms) = postSolution
		{A70D4320-D2A4-4503-8623-C541DB56B9D9}.Debug|Any CPU.ActiveCfg = Debug|Any CPU
		{A70D4320-D2A4-4503-8623-C541DB56B9D9}.Debug|Any CPU.Build.0 = Debug|Any CPU
		{A70D4320-D2A4-4503-8623-C541DB56B9D9}.Release|Any CPU.ActiveCfg = Release|Any CPU
		{A70D4320-D2A4-4503-8623-C541DB56B9D9}.Release|Any CPU.Build.0 = Release|Any CPU
		{13F5F769-5DFA-409B-9D89-A9D1B7C9272D}.Debug|Any CPU.ActiveCfg = Debug|Any CPU
		{13F5F769-5DFA-409B-9D89-A9D1B7C9272D}.Debug|Any CPU.Build.0 = Debug|Any CPU
		{13F5F769-5DFA-409B-9D89-A9D1B7C9272D}.Release|Any CPU.ActiveCfg = Release|Any CPU
		{13F5F769-5DFA-409B-9D89-A9D1B7C9272D}.Release|Any CPU.Build.0 = Release|Any CPU
		{8942B9CA-2816-4FD0-BFAF-A4080E4B0068}.Debug|Any CPU.ActiveCfg = Debug|Any CPU
		{8942B9CA-2816-4FD0-BFAF-A4080E4B0068}.Debug|Any CPU.Build.0 = Debug|Any CPU
		{8942B9CA-2816-4FD0-BFAF-A4080E4B0068}.Release|Any CPU.ActiveCfg = Release|Any CPU
		{8942B9CA-2816-4FD0-BFAF-A4080E4B0068}.Release|Any CPU.Build.0 = Release|Any CPU
		{BD3C200D-F838-44C5-874D-D97C9C40151E}.Debug|Any CPU.ActiveCfg = Debug|Any CPU
		{BD3C200D-F838-44C5-874D-D97C9C40151E}.Debug|Any CPU.Build.0 = Debug|Any CPU
		{BD3C200D-F838-44C5-874D-D97C9C40151E}.Release|Any CPU.ActiveCfg = Release|Any CPU
		{BD3C200D-F838-44C5-874D-D97C9C40151E}.Release|Any CPU.Build.0 = Release|Any CPU
	EndGlobalSection
	GlobalSection(SolutionProperties) = preSolution
		HideSolutionNode = FALSE
	EndGlobalSection
	GlobalSection(NestedProjects) = preSolution
		{A70D4320-D2A4-4503-8623-C541DB56B9D9} = {02EA681E-C7D8-13C7-8484-4AC65E1B71E8}
		{13F5F769-5DFA-409B-9D89-A9D1B7C9272D} = {02EA681E-C7D8-13C7-8484-4AC65E1B71E8}
		{8942B9CA-2816-4FD0-BFAF-A4080E4B0068} = {02EA681E-C7D8-13C7-8484-4AC65E1B71E8}
		{BD3C200D-F838-44C5-874D-D97C9C40151E} = {02EA681E-C7D8-13C7-8484-4AC65E1B71E8}
	EndGlobalSection
	GlobalSection(ExtensibilityGlobals) = postSolution
		SolutionGuid = {0343AFDB-B696-4B37-9E19-8D2CEE3D8270}
	EndGlobalSection
EndGlobal
